// !$*UTF8*$!
{
	archiveVersion = 1;
	classes = {
	};
	objectVersion = 46;
	objects = {

/* Begin PBXBuildFile section */
		206B1F3D624B1A605982B312 /* libPods.a in Frameworks */ = {isa = PBXBuildFile; fileRef = 29427718D6EB95AD84000DD3 /* libPods.a */; };
		603E060E1B9E37380080D881 /* main.m in Sources */ = {isa = PBXBuildFile; fileRef = 603E060D1B9E37380080D881 /* main.m */; };
		603E06111B9E37380080D881 /* AppDelegate.m in Sources */ = {isa = PBXBuildFile; fileRef = 603E06101B9E37380080D881 /* AppDelegate.m */; };
		603E06141B9E37380080D881 /* ViewController.m in Sources */ = {isa = PBXBuildFile; fileRef = 603E06131B9E37380080D881 /* ViewController.m */; };
		603E06171B9E37380080D881 /* Main.storyboard in Resources */ = {isa = PBXBuildFile; fileRef = 603E06151B9E37380080D881 /* Main.storyboard */; };
		603E06191B9E37390080D881 /* Images.xcassets in Resources */ = {isa = PBXBuildFile; fileRef = 603E06181B9E37390080D881 /* Images.xcassets */; };
		603E061C1B9E37390080D881 /* LaunchScreen.xib in Resources */ = {isa = PBXBuildFile; fileRef = 603E061A1B9E37390080D881 /* LaunchScreen.xib */; };
		603E06281B9E37390080D881 /* AsyncDemoTests.m in Sources */ = {isa = PBXBuildFile; fileRef = 603E06271B9E37390080D881 /* AsyncDemoTests.m */; };
		603E06351B9E37730080D881 /* Async.m in Sources */ = {isa = PBXBuildFile; fileRef = 603E06341B9E37730080D881 /* Async.m */; };
		603E063B1B9E48240080D881 /* Apply.m in Sources */ = {isa = PBXBuildFile; fileRef = 603E063A1B9E48240080D881 /* Apply.m */; };
		603E063E1B9E487D0080D881 /* GCD.m in Sources */ = {isa = PBXBuildFile; fileRef = 603E063D1B9E487D0080D881 /* GCD.m */; };
/* End PBXBuildFile section */

/* Begin PBXContainerItemProxy section */
		603E06221B9E37390080D881 /* PBXContainerItemProxy */ = {
			isa = PBXContainerItemProxy;
			containerPortal = 603E06001B9E37380080D881 /* Project object */;
			proxyType = 1;
			remoteGlobalIDString = 603E06071B9E37380080D881;
			remoteInfo = AsyncDemo;
		};
/* End PBXContainerItemProxy section */

/* Begin PBXFileReference section */
		0FAE70D5C46C79143F94D667 /* Pods.debug.xcconfig */ = {isa = PBXFileReference; includeInIndex = 1; lastKnownFileType = text.xcconfig; name = Pods.debug.xcconfig; path = "Pods/Target Support Files/Pods/Pods.debug.xcconfig"; sourceTree = "<group>"; };
		29427718D6EB95AD84000DD3 /* libPods.a */ = {isa = PBXFileReference; explicitFileType = archive.ar; includeInIndex = 0; path = libPods.a; sourceTree = BUILT_PRODUCTS_DIR; };
		39F76451030D39E7AF84ABFB /* Pods.release.xcconfig */ = {isa = PBXFileReference; includeInIndex = 1; lastKnownFileType = text.xcconfig; name = Pods.release.xcconfig; path = "Pods/Target Support Files/Pods/Pods.release.xcconfig"; sourceTree = "<group>"; };
		603E06081B9E37380080D881 /* AsyncDemo.app */ = {isa = PBXFileReference; explicitFileType = wrapper.application; includeInIndex = 0; path = AsyncDemo.app; sourceTree = BUILT_PRODUCTS_DIR; };
		603E060C1B9E37380080D881 /* Info.plist */ = {isa = PBXFileReference; lastKnownFileType = text.plist.xml; path = Info.plist; sourceTree = "<group>"; };
		603E060D1B9E37380080D881 /* main.m */ = {isa = PBXFileReference; lastKnownFileType = sourcecode.c.objc; path = main.m; sourceTree = "<group>"; };
		603E060F1B9E37380080D881 /* AppDelegate.h */ = {isa = PBXFileReference; lastKnownFileType = sourcecode.c.h; path = AppDelegate.h; sourceTree = "<group>"; };
		603E06101B9E37380080D881 /* AppDelegate.m */ = {isa = PBXFileReference; lastKnownFileType = sourcecode.c.objc; path = AppDelegate.m; sourceTree = "<group>"; };
		603E06121B9E37380080D881 /* ViewController.h */ = {isa = PBXFileReference; lastKnownFileType = sourcecode.c.h; path = ViewController.h; sourceTree = "<group>"; };
		603E06131B9E37380080D881 /* ViewController.m */ = {isa = PBXFileReference; lastKnownFileType = sourcecode.c.objc; path = ViewController.m; sourceTree = "<group>"; };
		603E06161B9E37380080D881 /* Base */ = {isa = PBXFileReference; lastKnownFileType = file.storyboard; name = Base; path = Base.lproj/Main.storyboard; sourceTree = "<group>"; };
		603E06181B9E37390080D881 /* Images.xcassets */ = {isa = PBXFileReference; lastKnownFileType = folder.assetcatalog; path = Images.xcassets; sourceTree = "<group>"; };
		603E061B1B9E37390080D881 /* Base */ = {isa = PBXFileReference; lastKnownFileType = file.xib; name = Base; path = Base.lproj/LaunchScreen.xib; sourceTree = "<group>"; };
		603E06211B9E37390080D881 /* AsyncDemoTests.xctest */ = {isa = PBXFileReference; explicitFileType = wrapper.cfbundle; includeInIndex = 0; path = AsyncDemoTests.xctest; sourceTree = BUILT_PRODUCTS_DIR; };
		603E06261B9E37390080D881 /* Info.plist */ = {isa = PBXFileReference; lastKnownFileType = text.plist.xml; path = Info.plist; sourceTree = "<group>"; };
		603E06271B9E37390080D881 /* AsyncDemoTests.m */ = {isa = PBXFileReference; lastKnownFileType = sourcecode.c.objc; path = AsyncDemoTests.m; sourceTree = "<group>"; };
		603E06311B9E375D0080D881 /* AppDelegate.h */ = {isa = PBXFileReference; fileEncoding = 4; lastKnownFileType = sourcecode.c.h; path = AppDelegate.h; sourceTree = "<group>"; };
		603E06331B9E37730080D881 /* Async.h */ = {isa = PBXFileReference; fileEncoding = 4; lastKnownFileType = sourcecode.c.h; path = Async.h; sourceTree = "<group>"; };
		603E06341B9E37730080D881 /* Async.m */ = {isa = PBXFileReference; fileEncoding = 4; lastKnownFileType = sourcecode.c.objc; path = Async.m; sourceTree = "<group>"; };
		603E06391B9E48240080D881 /* Apply.h */ = {isa = PBXFileReference; fileEncoding = 4; lastKnownFileType = sourcecode.c.h; path = Apply.h; sourceTree = "<group>"; };
		603E063A1B9E48240080D881 /* Apply.m */ = {isa = PBXFileReference; fileEncoding = 4; lastKnownFileType = sourcecode.c.objc; path = Apply.m; sourceTree = "<group>"; };
		603E063C1B9E487D0080D881 /* GCD.h */ = {isa = PBXFileReference; fileEncoding = 4; lastKnownFileType = sourcecode.c.h; path = GCD.h; sourceTree = "<group>"; };
		603E063D1B9E487D0080D881 /* GCD.m */ = {isa = PBXFileReference; fileEncoding = 4; lastKnownFileType = sourcecode.c.objc; path = GCD.m; sourceTree = "<group>"; };
/* End PBXFileReference section */

/* Begin PBXFrameworksBuildPhase section */
		603E06051B9E37380080D881 /* Frameworks */ = {
			isa = PBXFrameworksBuildPhase;
			buildActionMask = 2147483647;
			files = (
				206B1F3D624B1A605982B312 /* libPods.a in Frameworks */,
			);
			runOnlyForDeploymentPostprocessing = 0;
		};
		603E061E1B9E37390080D881 /* Frameworks */ = {
			isa = PBXFrameworksBuildPhase;
			buildActionMask = 2147483647;
			files = (
			);
			runOnlyForDeploymentPostprocessing = 0;
		};
/* End PBXFrameworksBuildPhase section */

/* Begin PBXGroup section */
		603E05FF1B9E37380080D881 = {
			isa = PBXGroup;
			children = (
				603E060A1B9E37380080D881 /* AsyncDemo */,
				603E06241B9E37390080D881 /* AsyncDemoTests */,
				603E06091B9E37380080D881 /* Products */,
				A898F61A5511C00AEBE0C44D /* Pods */,
				D76B17B7DC4D34A4B1DFE8CA /* Frameworks */,
			);
			sourceTree = "<group>";
		};
		603E06091B9E37380080D881 /* Products */ = {
			isa = PBXGroup;
			children = (
				603E06081B9E37380080D881 /* AsyncDemo.app */,
				603E06211B9E37390080D881 /* AsyncDemoTests.xctest */,
			);
			name = Products;
			sourceTree = "<group>";
		};
		603E060A1B9E37380080D881 /* AsyncDemo */ = {
			isa = PBXGroup;
			children = (
				603E06321B9E37680080D881 /* Async */,
				603E06311B9E375D0080D881 /* AppDelegate.h */,
				603E060F1B9E37380080D881 /* AppDelegate.h */,
				603E06101B9E37380080D881 /* AppDelegate.m */,
				603E06121B9E37380080D881 /* ViewController.h */,
				603E06131B9E37380080D881 /* ViewController.m */,
				603E06151B9E37380080D881 /* Main.storyboard */,
				603E06181B9E37390080D881 /* Images.xcassets */,
				603E061A1B9E37390080D881 /* LaunchScreen.xib */,
				603E060B1B9E37380080D881 /* Supporting Files */,
			);
			path = AsyncDemo;
			sourceTree = "<group>";
		};
		603E060B1B9E37380080D881 /* Supporting Files */ = {
			isa = PBXGroup;
			children = (
				603E060C1B9E37380080D881 /* Info.plist */,
				603E060D1B9E37380080D881 /* main.m */,
			);
			name = "Supporting Files";
			sourceTree = "<group>";
		};
		603E06241B9E37390080D881 /* AsyncDemoTests */ = {
			isa = PBXGroup;
			children = (
				603E06271B9E37390080D881 /* AsyncDemoTests.m */,
				603E06251B9E37390080D881 /* Supporting Files */,
			);
			path = AsyncDemoTests;
			sourceTree = "<group>";
		};
		603E06251B9E37390080D881 /* Supporting Files */ = {
			isa = PBXGroup;
			children = (
				603E06261B9E37390080D881 /* Info.plist */,
			);
			name = "Supporting Files";
			sourceTree = "<group>";
		};
		603E06321B9E37680080D881 /* Async */ = {
			isa = PBXGroup;
			children = (
				603E06331B9E37730080D881 /* Async.h */,
				603E06341B9E37730080D881 /* Async.m */,
				603E06391B9E48240080D881 /* Apply.h */,
				603E063A1B9E48240080D881 /* Apply.m */,
				603E063C1B9E487D0080D881 /* GCD.h */,
				603E063D1B9E487D0080D881 /* GCD.m */,
			);
			path = Async;
			sourceTree = "<group>";
		};
		A898F61A5511C00AEBE0C44D /* Pods */ = {
			isa = PBXGroup;
			children = (
				0FAE70D5C46C79143F94D667 /* Pods.debug.xcconfig */,
				39F76451030D39E7AF84ABFB /* Pods.release.xcconfig */,
			);
			name = Pods;
			sourceTree = "<group>";
		};
		D76B17B7DC4D34A4B1DFE8CA /* Frameworks */ = {
			isa = PBXGroup;
			children = (
				29427718D6EB95AD84000DD3 /* libPods.a */,
			);
			name = Frameworks;
			sourceTree = "<group>";
		};
/* End PBXGroup section */

/* Begin PBXNativeTarget section */
		603E06071B9E37380080D881 /* AsyncDemo */ = {
			isa = PBXNativeTarget;
			buildConfigurationList = 603E062B1B9E37390080D881 /* Build configuration list for PBXNativeTarget "AsyncDemo" */;
			buildPhases = (
				36D4FD445E50E4E04CFEF779 /* Check Pods Manifest.lock */,
				603E06041B9E37380080D881 /* Sources */,
				603E06051B9E37380080D881 /* Frameworks */,
				603E06061B9E37380080D881 /* Resources */,
				9514C36344BA36CED7CD0F22 /* Copy Pods Resources */,
			);
			buildRules = (
			);
			dependencies = (
			);
			name = AsyncDemo;
			productName = AsyncDemo;
			productReference = 603E06081B9E37380080D881 /* AsyncDemo.app */;
			productType = "com.apple.product-type.application";
		};
		603E06201B9E37390080D881 /* AsyncDemoTests */ = {
			isa = PBXNativeTarget;
			buildConfigurationList = 603E062E1B9E37390080D881 /* Build configuration list for PBXNativeTarget "AsyncDemoTests" */;
			buildPhases = (
				603E061D1B9E37390080D881 /* Sources */,
				603E061E1B9E37390080D881 /* Frameworks */,
				603E061F1B9E37390080D881 /* Resources */,
			);
			buildRules = (
			);
			dependencies = (
				603E06231B9E37390080D881 /* PBXTargetDependency */,
			);
			name = AsyncDemoTests;
			productName = AsyncDemoTests;
			productReference = 603E06211B9E37390080D881 /* AsyncDemoTests.xctest */;
			productType = "com.apple.product-type.bundle.unit-test";
		};
/* End PBXNativeTarget section */

/* Begin PBXProject section */
		603E06001B9E37380080D881 /* Project object */ = {
			isa = PBXProject;
			attributes = {
				LastUpgradeCheck = 0630;
				ORGANIZATIONNAME = MeePwn;
				TargetAttributes = {
					603E06071B9E37380080D881 = {
						CreatedOnToolsVersion = 6.3.1;
					};
					603E06201B9E37390080D881 = {
						CreatedOnToolsVersion = 6.3.1;
						TestTargetID = 603E06071B9E37380080D881;
					};
				};
			};
			buildConfigurationList = 603E06031B9E37380080D881 /* Build configuration list for PBXProject "AsyncDemo" */;
			compatibilityVersion = "Xcode 3.2";
			developmentRegion = English;
			hasScannedForEncodings = 0;
			knownRegions = (
				en,
				Base,
			);
			mainGroup = 603E05FF1B9E37380080D881;
			productRefGroup = 603E06091B9E37380080D881 /* Products */;
			projectDirPath = "";
			projectRoot = "";
			targets = (
				603E06071B9E37380080D881 /* AsyncDemo */,
				603E06201B9E37390080D881 /* AsyncDemoTests */,
			);
		};
/* End PBXProject section */

/* Begin PBXResourcesBuildPhase section */
		603E06061B9E37380080D881 /* Resources */ = {
			isa = PBXResourcesBuildPhase;
			buildActionMask = 2147483647;
			files = (
				603E06171B9E37380080D881 /* Main.storyboard in Resources */,
				603E061C1B9E37390080D881 /* LaunchScreen.xib in Resources */,
				603E06191B9E37390080D881 /* Images.xcassets in Resources */,
			);
			runOnlyForDeploymentPostprocessing = 0;
		};
		603E061F1B9E37390080D881 /* Resources */ = {
			isa = PBXResourcesBuildPhase;
			buildActionMask = 2147483647;
			files = (
			);
			runOnlyForDeploymentPostprocessing = 0;
		};
/* End PBXResourcesBuildPhase section */

/* Begin PBXShellScriptBuildPhase section */
		36D4FD445E50E4E04CFEF779 /* Check Pods Manifest.lock */ = {
			isa = PBXShellScriptBuildPhase;
			buildActionMask = 2147483647;
			files = (
			);
			inputPaths = (
			);
			name = "Check Pods Manifest.lock";
			outputPaths = (
			);
			runOnlyForDeploymentPostprocessing = 0;
			shellPath = /bin/sh;
			shellScript = "diff \"${PODS_ROOT}/../Podfile.lock\" \"${PODS_ROOT}/Manifest.lock\" > /dev/null\nif [[ $? != 0 ]] ; then\n    cat << EOM\nerror: The sandbox is not in sync with the Podfile.lock. Run 'pod install' or update your CocoaPods installation.\nEOM\n    exit 1\nfi\n";
			showEnvVarsInLog = 0;
		};
		9514C36344BA36CED7CD0F22 /* Copy Pods Resources */ = {
			isa = PBXShellScriptBuildPhase;
			buildActionMask = 2147483647;
			files = (
			);
			inputPaths = (
			);
			name = "Copy Pods Resources";
			outputPaths = (
			);
			runOnlyForDeploymentPostprocessing = 0;
			shellPath = /bin/sh;
			shellScript = "\"${SRCROOT}/Pods/Target Support Files/Pods/Pods-resources.sh\"\n";
			showEnvVarsInLog = 0;
		};
/* End PBXShellScriptBuildPhase section */

/* Begin PBXSourcesBuildPhase section */
		603E06041B9E37380080D881 /* Sources */ = {
			isa = PBXSourcesBuildPhase;
			buildActionMask = 2147483647;
			files = (
				603E063B1B9E48240080D881 /* Apply.m in Sources */,
				603E06351B9E37730080D881 /* Async.m in Sources */,
				603E06141B9E37380080D881 /* ViewController.m in Sources */,
				603E06111B9E37380080D881 /* AppDelegate.m in Sources */,
				603E063E1B9E487D0080D881 /* GCD.m in Sources */,
				603E060E1B9E37380080D881 /* main.m in Sources */,
			);
			runOnlyForDeploymentPostprocessing = 0;
		};
		603E061D1B9E37390080D881 /* Sources */ = {
			isa = PBXSourcesBuildPhase;
			buildActionMask = 2147483647;
			files = (
				603E06281B9E37390080D881 /* AsyncDemoTests.m in Sources */,
			);
			runOnlyForDeploymentPostprocessing = 0;
		};
/* End PBXSourcesBuildPhase section */

/* Begin PBXTargetDependency section */
		603E06231B9E37390080D881 /* PBXTargetDependency */ = {
			isa = PBXTargetDependency;
			target = 603E06071B9E37380080D881 /* AsyncDemo */;
			targetProxy = 603E06221B9E37390080D881 /* PBXContainerItemProxy */;
		};
/* End PBXTargetDependency section */

/* Begin PBXVariantGroup section */
		603E06151B9E37380080D881 /* Main.storyboard */ = {
			isa = PBXVariantGroup;
			children = (
				603E06161B9E37380080D881 /* Base */,
			);
			name = Main.storyboard;
			sourceTree = "<group>";
		};
		603E061A1B9E37390080D881 /* LaunchScreen.xib */ = {
			isa = PBXVariantGroup;
			children = (
				603E061B1B9E37390080D881 /* Base */,
			);
			name = LaunchScreen.xib;
			sourceTree = "<group>";
		};
/* End PBXVariantGroup section */

/* Begin XCBuildConfiguration section */
		603E06291B9E37390080D881 /* Debug */ = {
			isa = XCBuildConfiguration;
			buildSettings = {
				ALWAYS_SEARCH_USER_PATHS = NO;
				CLANG_CXX_LANGUAGE_STANDARD = "gnu++0x";
				CLANG_CXX_LIBRARY = "libc++";
				CLANG_ENABLE_MODULES = YES;
				CLANG_ENABLE_OBJC_ARC = YES;
				CLANG_WARN_BOOL_CONVERSION = YES;
				CLANG_WARN_CONSTANT_CONVERSION = YES;
				CLANG_WARN_DIRECT_OBJC_ISA_USAGE = YES_ERROR;
				CLANG_WARN_EMPTY_BODY = YES;
				CLANG_WARN_ENUM_CONVERSION = YES;
				CLANG_WARN_INT_CONVERSION = YES;
				CLANG_WARN_OBJC_ROOT_CLASS = YES_ERROR;
				CLANG_WARN_UNREACHABLE_CODE = YES;
				CLANG_WARN__DUPLICATE_METHOD_MATCH = YES;
				"CODE_SIGN_IDENTITY[sdk=iphoneos*]" = "iPhone Developer";
				COPY_PHASE_STRIP = NO;
				DEBUG_INFORMATION_FORMAT = "dwarf-with-dsym";
				ENABLE_STRICT_OBJC_MSGSEND = YES;
				GCC_C_LANGUAGE_STANDARD = gnu99;
				GCC_DYNAMIC_NO_PIC = NO;
				GCC_NO_COMMON_BLOCKS = YES;
				GCC_OPTIMIZATION_LEVEL = 0;
				GCC_PREPROCESSOR_DEFINITIONS = (
					"DEBUG=1",
					"$(inherited)",
				);
				GCC_SYMBOLS_PRIVATE_EXTERN = NO;
				GCC_WARN_64_TO_32_BIT_CONVERSION = YES;
				GCC_WARN_ABOUT_RETURN_TYPE = YES_ERROR;
				GCC_WARN_UNDECLARED_SELECTOR = YES;
				GCC_WARN_UNINITIALIZED_AUTOS = YES_AGGRESSIVE;
				GCC_WARN_UNUSED_FUNCTION = YES;
				GCC_WARN_UNUSED_VARIABLE = YES;
				IPHONEOS_DEPLOYMENT_TARGET = 8.3;
				MTL_ENABLE_DEBUG_INFO = YES;
				ONLY_ACTIVE_ARCH = YES;
				SDKROOT = iphoneos;
			};
			name = Debug;
		};
		603E062A1B9E37390080D881 /* Release */ = {
			isa = XCBuildConfiguration;
			buildSettings = {
				ALWAYS_SEARCH_USER_PATHS = NO;
				CLANG_CXX_LANGUAGE_STANDARD = "gnu++0x";
				CLANG_CXX_LIBRARY = "libc++";
				CLANG_ENABLE_MODULES = YES;
				CLANG_ENABLE_OBJC_ARC = YES;
				CLANG_WARN_BOOL_CONVERSION = YES;
				CLANG_WARN_CONSTANT_CONVERSION = YES;
				CLANG_WARN_DIRECT_OBJC_ISA_USAGE = YES_ERROR;
				CLANG_WARN_EMPTY_BODY = YES;
				CLANG_WARN_ENUM_CONVERSION = YES;
				CLANG_WARN_INT_CONVERSION = YES;
				CLANG_WARN_OBJC_ROOT_CLASS = YES_ERROR;
				CLANG_WARN_UNREACHABLE_CODE = YES;
				CLANG_WARN__DUPLICATE_METHOD_MATCH = YES;
				"CODE_SIGN_IDENTITY[sdk=iphoneos*]" = "iPhone Developer";
				COPY_PHASE_STRIP = NO;
				DEBUG_INFORMATION_FORMAT = "dwarf-with-dsym";
				ENABLE_NS_ASSERTIONS = NO;
				ENABLE_STRICT_OBJC_MSGSEND = YES;
				GCC_C_LANGUAGE_STANDARD = gnu99;
				GCC_NO_COMMON_BLOCKS = YES;
				GCC_WARN_64_TO_32_BIT_CONVERSION = YES;
				GCC_WARN_ABOUT_RETURN_TYPE = YES_ERROR;
				GCC_WARN_UNDECLARED_SELECTOR = YES;
				GCC_WARN_UNINITIALIZED_AUTOS = YES_AGGRESSIVE;
				GCC_WARN_UNUSED_FUNCTION = YES;
				GCC_WARN_UNUSED_VARIABLE = YES;
				IPHONEOS_DEPLOYMENT_TARGET = 8.3;
				MTL_ENABLE_DEBUG_INFO = NO;
				SDKROOT = iphoneos;
				VALIDATE_PRODUCT = YES;
			};
			name = Release;
		};
		603E062C1B9E37390080D881 /* Debug */ = {
			isa = XCBuildConfiguration;
			baseConfigurationReference = 0FAE70D5C46C79143F94D667 /* Pods.debug.xcconfig */;
			buildSettings = {
				ASSETCATALOG_COMPILER_APPICON_NAME = AppIcon;
				INFOPLIST_FILE = AsyncDemo/Info.plist;
				LD_RUNPATH_SEARCH_PATHS = "$(inherited) @executable_path/Frameworks";
				PRODUCT_NAME = "$(TARGET_NAME)";
			};
			name = Debug;
		};
		603E062D1B9E37390080D881 /* Release */ = {
			isa = XCBuildConfiguration;
			baseConfigurationReference = 39F76451030D39E7AF84ABFB /* Pods.release.xcconfig */;
			buildSettings = {
				ASSETCATALOG_COMPILER_APPICON_NAME = AppIcon;
				INFOPLIST_FILE = AsyncDemo/Info.plist;
				LD_RUNPATH_SEARCH_PATHS = "$(inherited) @executable_path/Frameworks";
				PRODUCT_NAME = "$(TARGET_NAME)";
			};
			name = Release;
		};
		603E062F1B9E37390080D881 /* Debug */ = {
			isa = XCBuildConfiguration;
			buildSettings = {
				BUNDLE_LOADER = "$(TEST_HOST)";
				FRAMEWORK_SEARCH_PATHS = (
					"$(SDKROOT)/Developer/Library/Frameworks",
					"$(inherited)",
				);
				GCC_PREPROCESSOR_DEFINITIONS = (
					"DEBUG=1",
					"$(inherited)",
				);
				INFOPLIST_FILE = AsyncDemoTests/Info.plist;
				LD_RUNPATH_SEARCH_PATHS = "$(inherited) @executable_path/Frameworks @loader_path/Frameworks";
				PRODUCT_NAME = "$(TARGET_NAME)";
				TEST_HOST = "$(BUILT_PRODUCTS_DIR)/AsyncDemo.app/AsyncDemo";
			};
			name = Debug;
		};
		603E06301B9E37390080D881 /* Release */ = {
			isa = XCBuildConfiguration;
			buildSettings = {
				BUNDLE_LOADER = "$(TEST_HOST)";
				FRAMEWORK_SEARCH_PATHS = (
					"$(SDKROOT)/Developer/Library/Frameworks",
					"$(inherited)",
				);
				INFOPLIST_FILE = AsyncDemoTests/Info.plist;
				LD_RUNPATH_SEARCH_PATHS = "$(inherited) @executable_path/Frameworks @loader_path/Frameworks";
				PRODUCT_NAME = "$(TARGET_NAME)";
				TEST_HOST = "$(BUILT_PRODUCTS_DIR)/AsyncDemo.app/AsyncDemo";
			};
			name = Release;
		};
/* End XCBuildConfiguration section */

/* Begin XCConfigurationList section */
		603E06031B9E37380080D881 /* Build configuration list for PBXProject "AsyncDemo" */ = {
			isa = XCConfigurationList;
			buildConfigurations = (
				603E06291B9E37390080D881 /* Debug */,
				603E062A1B9E37390080D881 /* Release */,
			);
			defaultConfigurationIsVisible = 0;
			defaultConfigurationName = Release;
		};
		603E062B1B9E37390080D881 /* Build configuration list for PBXNativeTarget "AsyncDemo" */ = {
			isa = XCConfigurationList;
			buildConfigurations = (
				603E062C1B9E37390080D881 /* Debug */,
				603E062D1B9E37390080D881 /* Release */,
			);
			defaultConfigurationIsVisible = 0;
			defaultConfigurationName = Release;
		};
		603E062E1B9E37390080D881 /* Build configuration list for PBXNativeTarget "AsyncDemoTests" */ = {
			isa = XCConfigurationList;
			buildConfigurations = (
				603E062F1B9E37390080D881 /* Debug */,
				603E06301B9E37390080D881 /* Release */,
			);
			defaultConfigurationIsVisible = 0;
			defaultConfigurationName = Release;
		};
/* End XCConfigurationList section */
	};
	rootObject = 603E06001B9E37380080D881 /* Project object */;
}
